# THIS IS AN AUTOGENERATED FILE. DO NOT EDIT THIS FILE DIRECTLY.
# yarn lockfile v1


"@rush-temp/my-cli@file:./projects/my-cli.tgz":
  version "0.0.0"
  resolved "file:./projects/my-cli.tgz#5864e72305b775cbf4d6c36e8bcd6d271e7cfcbd"

"@rush-temp/my-downstream@file:./projects/my-downstream.tgz":
  version "0.0.0"
  resolved "file:./projects/my-downstream.tgz#9c848e5f0dbfdb022b410e0f1af6c56dda2b2c4c"
